
Microsoft Visual Studio Solution File, Format Version 12.00
# Visual Studio 2013
VisualStudioVersion = 12.0.30110.0
MinimumVisualStudioVersion = 10.0.40219.1
Project("{FAE04EC0-301F-11D3-BF4B-00C04F79EFBC}") = "DataTables.Mvc", "DataTables.Mvc\DataTables.Mvc.csproj", "{431ADB89-3DA0-4E18-9AF0-984B917E6EB8}"
EndProject
Project("{2150E333-8FDC-42A3-9474-1A3956D46DE8}") = ".nuget", ".nuget", "{ADC2DA96-7473-4B8D-A2DF-EB01DE222EED}"
	ProjectSection(SolutionItems) = preProject
		.nuget\NuGet.Config = .nuget\NuGet.Config
		.nuget\NuGet.exe = .nuget\NuGet.exe
		.nuget\NuGet.targets = .nuget\NuGet.targets
	EndProjectSection
EndProject
Global
	GlobalSection(SolutionConfigurationPlatforms) = preSolution
		Debug|Any CPU = Debug|Any CPU
		Release|Any CPU = Release|Any CPU
	EndGlobalSection
	GlobalSection(ProjectConfigurationPlatforms) = postSolution
		{431ADB89-3DA0-4E18-9AF0-984B917E6EB8}.Debug|Any CPU.ActiveCfg = Debug|Any CPU
		{431ADB89-3DA0-4E18-9AF0-984B917E6EB8}.Debug|Any CPU.Build.0 = Debug|Any CPU
		{431ADB89-3DA0-4E18-9AF0-984B917E6EB8}.Release|Any CPU.ActiveCfg = Release|Any CPU
		{431ADB89-3DA0-4E18-9AF0-984B917E6EB8}.Release|Any CPU.Build.0 = Release|Any CPU
	EndGlobalSection
	GlobalSection(SolutionProperties) = preSolution
		HideSolutionNode = FALSE
	EndGlobalSection
EndGlobal
