
Microsoft Visual Studio Solution File, Format Version 12.00
# Visual Studio 14
VisualStudioVersion = 14.0.22823.1
MinimumVisualStudioVersion = 10.0.40219.1
Project("{2150E333-8FDC-42A3-9474-1A3956D46DE8}") = "src", "src", "{7C40D7E9-8127-4204-918D-7126DF55D34E}"
EndProject
Project("{2150E333-8FDC-42A3-9474-1A3956D46DE8}") = "tests", "tests", "{505A3DE7-8AA9-416B-8356-DD2A38714F5D}"
EndProject
Project("{2150E333-8FDC-42A3-9474-1A3956D46DE8}") = "samples", "samples", "{E2CD3569-9291-46EE-874F-97617823990F}"
EndProject
Project("{2150E333-8FDC-42A3-9474-1A3956D46DE8}") = "docs", "docs", "{814489CB-838C-447D-B863-C03D5A202E35}"
EndProject
Project("{8BB2217D-0F2D-49D1-97BC-3654ED321F3B}") = "DataTables.AspNet.Core", "src\DataTables.AspNet.Core\DataTables.AspNet.Core.xproj", "{489F1F8C-ABDE-4FB2-AD6D-5463E1F067E0}"
EndProject
Project("{8BB2217D-0F2D-49D1-97BC-3654ED321F3B}") = "DataTables.AspNet.Mvc5", "src\DataTables.AspNet.Mvc5\DataTables.AspNet.Mvc5.xproj", "{3006616C-1DA6-4BF6-B331-C7083192C12C}"
EndProject
Project("{8BB2217D-0F2D-49D1-97BC-3654ED321F3B}") = "DataTables.AspNet.Extensions.DapperExtensions", "src\DataTables.AspNet.Extensions.DapperExtensions\DataTables.AspNet.Extensions.DapperExtensions.xproj", "{1458F8A6-EA99-4A3A-B877-A8B761F7749B}"
EndProject
Project("{2150E333-8FDC-42A3-9474-1A3956D46DE8}") = "extensions", "extensions", "{1C3565DA-C7DF-4312-A394-ECBAE5D89365}"
EndProject
Project("{8BB2217D-0F2D-49D1-97BC-3654ED321F3B}") = "DataTables.AspNet.Mvc5.Tests", "src\DataTables.AspNet.Mvc5.Tests\DataTables.AspNet.Mvc5.Tests.xproj", "{01A39383-2AD7-45F2-AF00-287C4DE8F1B9}"
EndProject
Project("{8BB2217D-0F2D-49D1-97BC-3654ED321F3B}") = "DataTables.AspNet.Extensions.DapperExtensions.Tests", "src\DataTables.AspNet.Extensions.DapperExtensions.Tests\DataTables.AspNet.Extensions.DapperExtensions.Tests.xproj", "{C033DD3D-CDA1-4997-84B4-2B7541DE46E7}"
EndProject
Project("{2150E333-8FDC-42A3-9474-1A3956D46DE8}") = "DapperExtensions", "DapperExtensions", "{23697F0C-1ED2-456E-ACE1-7A24C20ACB06}"
EndProject
Project("{8BB2217D-0F2D-49D1-97BC-3654ED321F3B}") = "DataTables.AspNet.AspNet5", "src\DataTables.AspNet.AspNet5\DataTables.AspNet.AspNet5.xproj", "{A99E62EC-9FA2-4564-A4E1-92BDF40B9752}"
EndProject
Project("{8BB2217D-0F2D-49D1-97BC-3654ED321F3B}") = "DataTables.AspNet.AspNet5.Tests", "src\DataTables.AspNet.AspNet5.Tests\DataTables.AspNet.AspNet5.Tests.xproj", "{C83A8298-6186-4372-A763-C17961F3C98E}"
EndProject
Project("{2150E333-8FDC-42A3-9474-1A3956D46DE8}") = "extensions", "extensions", "{C6828D9B-9B90-4141-A114-2F40A0927977}"
EndProject
Project("{FAE04EC0-301F-11D3-BF4B-00C04F79EFBC}") = "DataTables.AspNet.Samples.Mvc5.BasicIntegration", "samples\DataTables.AspNet.Samples.Mvc5.BasicIntegration\DataTables.AspNet.Samples.Mvc5.BasicIntegration.csproj", "{E5270B4D-D22B-46EF-BF40-E0478E930DFC}"
EndProject
Project("{8BB2217D-0F2D-49D1-97BC-3654ED321F3B}") = "DataTables.AspNet.Samples.AspNet5.BasicIntegration", "samples\DataTables.AspNet.Samples.AspNet5.BasicIntegration\DataTables.AspNet.Samples.AspNet5.BasicIntegration.xproj", "{FDF558EF-39AC-4E6B-8055-07965399959E}"
EndProject
Project("{2150E333-8FDC-42A3-9474-1A3956D46DE8}") = "basic integration", "basic integration", "{84CA0740-F9F1-483C-B8CB-AF7EFBBC6874}"
EndProject
Global
	GlobalSection(SolutionConfigurationPlatforms) = preSolution
		Debug|Any CPU = Debug|Any CPU
		Release|Any CPU = Release|Any CPU
	EndGlobalSection
	GlobalSection(ProjectConfigurationPlatforms) = postSolution
		{489F1F8C-ABDE-4FB2-AD6D-5463E1F067E0}.Debug|Any CPU.ActiveCfg = Debug|Any CPU
		{489F1F8C-ABDE-4FB2-AD6D-5463E1F067E0}.Debug|Any CPU.Build.0 = Debug|Any CPU
		{489F1F8C-ABDE-4FB2-AD6D-5463E1F067E0}.Release|Any CPU.ActiveCfg = Release|Any CPU
		{489F1F8C-ABDE-4FB2-AD6D-5463E1F067E0}.Release|Any CPU.Build.0 = Release|Any CPU
		{3006616C-1DA6-4BF6-B331-C7083192C12C}.Debug|Any CPU.ActiveCfg = Debug|Any CPU
		{3006616C-1DA6-4BF6-B331-C7083192C12C}.Debug|Any CPU.Build.0 = Debug|Any CPU
		{3006616C-1DA6-4BF6-B331-C7083192C12C}.Release|Any CPU.ActiveCfg = Release|Any CPU
		{3006616C-1DA6-4BF6-B331-C7083192C12C}.Release|Any CPU.Build.0 = Release|Any CPU
		{1458F8A6-EA99-4A3A-B877-A8B761F7749B}.Debug|Any CPU.ActiveCfg = Debug|Any CPU
		{1458F8A6-EA99-4A3A-B877-A8B761F7749B}.Debug|Any CPU.Build.0 = Debug|Any CPU
		{1458F8A6-EA99-4A3A-B877-A8B761F7749B}.Release|Any CPU.ActiveCfg = Release|Any CPU
		{1458F8A6-EA99-4A3A-B877-A8B761F7749B}.Release|Any CPU.Build.0 = Release|Any CPU
		{01A39383-2AD7-45F2-AF00-287C4DE8F1B9}.Debug|Any CPU.ActiveCfg = Debug|Any CPU
		{01A39383-2AD7-45F2-AF00-287C4DE8F1B9}.Debug|Any CPU.Build.0 = Debug|Any CPU
		{01A39383-2AD7-45F2-AF00-287C4DE8F1B9}.Release|Any CPU.ActiveCfg = Release|Any CPU
		{01A39383-2AD7-45F2-AF00-287C4DE8F1B9}.Release|Any CPU.Build.0 = Release|Any CPU
		{C033DD3D-CDA1-4997-84B4-2B7541DE46E7}.Debug|Any CPU.ActiveCfg = Debug|Any CPU
		{C033DD3D-CDA1-4997-84B4-2B7541DE46E7}.Debug|Any CPU.Build.0 = Debug|Any CPU
		{C033DD3D-CDA1-4997-84B4-2B7541DE46E7}.Release|Any CPU.ActiveCfg = Release|Any CPU
		{C033DD3D-CDA1-4997-84B4-2B7541DE46E7}.Release|Any CPU.Build.0 = Release|Any CPU
		{A99E62EC-9FA2-4564-A4E1-92BDF40B9752}.Debug|Any CPU.ActiveCfg = Debug|Any CPU
		{A99E62EC-9FA2-4564-A4E1-92BDF40B9752}.Debug|Any CPU.Build.0 = Debug|Any CPU
		{A99E62EC-9FA2-4564-A4E1-92BDF40B9752}.Release|Any CPU.ActiveCfg = Release|Any CPU
		{A99E62EC-9FA2-4564-A4E1-92BDF40B9752}.Release|Any CPU.Build.0 = Release|Any CPU
		{C83A8298-6186-4372-A763-C17961F3C98E}.Debug|Any CPU.ActiveCfg = Debug|Any CPU
		{C83A8298-6186-4372-A763-C17961F3C98E}.Debug|Any CPU.Build.0 = Debug|Any CPU
		{C83A8298-6186-4372-A763-C17961F3C98E}.Release|Any CPU.ActiveCfg = Release|Any CPU
		{C83A8298-6186-4372-A763-C17961F3C98E}.Release|Any CPU.Build.0 = Release|Any CPU
		{E5270B4D-D22B-46EF-BF40-E0478E930DFC}.Debug|Any CPU.ActiveCfg = Debug|Any CPU
		{E5270B4D-D22B-46EF-BF40-E0478E930DFC}.Debug|Any CPU.Build.0 = Debug|Any CPU
		{E5270B4D-D22B-46EF-BF40-E0478E930DFC}.Release|Any CPU.ActiveCfg = Release|Any CPU
		{E5270B4D-D22B-46EF-BF40-E0478E930DFC}.Release|Any CPU.Build.0 = Release|Any CPU
		{FDF558EF-39AC-4E6B-8055-07965399959E}.Debug|Any CPU.ActiveCfg = Debug|Any CPU
		{FDF558EF-39AC-4E6B-8055-07965399959E}.Debug|Any CPU.Build.0 = Debug|Any CPU
		{FDF558EF-39AC-4E6B-8055-07965399959E}.Release|Any CPU.ActiveCfg = Release|Any CPU
		{FDF558EF-39AC-4E6B-8055-07965399959E}.Release|Any CPU.Build.0 = Release|Any CPU
	EndGlobalSection
	GlobalSection(SolutionProperties) = preSolution
		HideSolutionNode = FALSE
	EndGlobalSection
	GlobalSection(NestedProjects) = preSolution
		{489F1F8C-ABDE-4FB2-AD6D-5463E1F067E0} = {7C40D7E9-8127-4204-918D-7126DF55D34E}
		{3006616C-1DA6-4BF6-B331-C7083192C12C} = {7C40D7E9-8127-4204-918D-7126DF55D34E}
		{1458F8A6-EA99-4A3A-B877-A8B761F7749B} = {23697F0C-1ED2-456E-ACE1-7A24C20ACB06}
		{01A39383-2AD7-45F2-AF00-287C4DE8F1B9} = {505A3DE7-8AA9-416B-8356-DD2A38714F5D}
		{C033DD3D-CDA1-4997-84B4-2B7541DE46E7} = {C6828D9B-9B90-4141-A114-2F40A0927977}
		{23697F0C-1ED2-456E-ACE1-7A24C20ACB06} = {1C3565DA-C7DF-4312-A394-ECBAE5D89365}
		{A99E62EC-9FA2-4564-A4E1-92BDF40B9752} = {7C40D7E9-8127-4204-918D-7126DF55D34E}
		{C83A8298-6186-4372-A763-C17961F3C98E} = {505A3DE7-8AA9-416B-8356-DD2A38714F5D}
		{C6828D9B-9B90-4141-A114-2F40A0927977} = {505A3DE7-8AA9-416B-8356-DD2A38714F5D}
		{E5270B4D-D22B-46EF-BF40-E0478E930DFC} = {84CA0740-F9F1-483C-B8CB-AF7EFBBC6874}
		{FDF558EF-39AC-4E6B-8055-07965399959E} = {84CA0740-F9F1-483C-B8CB-AF7EFBBC6874}
		{84CA0740-F9F1-483C-B8CB-AF7EFBBC6874} = {E2CD3569-9291-46EE-874F-97617823990F}
	EndGlobalSection
EndGlobal
